{
  "originHash" : "efe2018ada9d81d8d26a6ceef2de97bf440c6a9f58ff5f8b2193ae933f340deb",
  "pins" : [
    {
      "identity" : "capacitor-swift-pm",
      "kind" : "remoteSourceControl",
      "location" : "https://github.com/ionic-team/capacitor-swift-pm.git",
      "state" : {
        "revision" : "3e7ccfb8ab4d321ffcbd4e490234758e139f8a09",
        "version" : "8.0.1"
      }
    },
    {
      "identity" : "onesignal-xcframework",
      "kind" : "remoteSourceControl",
      "location" : "https://github.com/OneSignal/OneSignal-XCFramework",
      "state" : {
        "revision" : "92e2a523ec33861578995b02cdccc189630c2fe4",
        "version" : "5.4.1"
      }
    }
  ],
  "version" : 3
}
