{
  "originHash" : "29dcf918f410b894d28bc41ee6ec8b315998b629bfbce25b3151559c598d16ee",
  "pins" : [
    {
      "identity" : "capacitor-swift-pm",
      "kind" : "remoteSourceControl",
      "location" : "https://github.com/ionic-team/capacitor-swift-pm.git",
      "state" : {
        "revision" : "3e7ccfb8ab4d321ffcbd4e490234758e139f8a09",
        "version" : "8.0.1"
      }
    },
    {
      "identity" : "onesignal-ios-sdk",
      "kind" : "remoteSourceControl",
      "location" : "https://github.com/OneSignal/OneSignal-iOS-SDK",
      "state" : {
        "revision" : "cdb9edfa545d1280248f8aab641a95844c76ae64",
        "version" : "5.4.1"
      }
    }
  ],
  "version" : 3
}
